// !$*UTF8*$!
{
	archiveVersion = 1;
	classes = {
	};
	objectVersion = 46;
	objects = {

/* Begin PBXBuildFile section */
		3F305C421F174C1F00926B3A /* main.m in Sources */ = {isa = PBXBuildFile; fileRef = 3F305C411F174C1F00926B3A /* main.m */; };
		3F305C451F174C1F00926B3A /* AppDelegate.m in Sources */ = {isa = PBXBuildFile; fileRef = 3F305C441F174C1F00926B3A /* AppDelegate.m */; };
		3F305C4B1F174C1F00926B3A /* Main.storyboard in Resources */ = {isa = PBXBuildFile; fileRef = 3F305C491F174C1F00926B3A /* Main.storyboard */; };
		3F305C4D1F174C1F00926B3A /* Assets.xcassets in Resources */ = {isa = PBXBuildFile; fileRef = 3F305C4C1F174C1F00926B3A /* Assets.xcassets */; };
		3F305C501F174C1F00926B3A /* LaunchScreen.storyboard in Resources */ = {isa = PBXBuildFile; fileRef = 3F305C4E1F174C1F00926B3A /* LaunchScreen.storyboard */; };
		3F305C5A1F174D3A00926B3A /* FLFacade.m in Sources */ = {isa = PBXBuildFile; fileRef = 3F305C591F174D3A00926B3A /* FLFacade.m */; };
		3F305C661F174D8400926B3A /* FLPresentStackController.m in Sources */ = {isa = PBXBuildFile; fileRef = 3F305C631F174D8400926B3A /* FLPresentStackController.m */; };
		3F305C721F174F2500926B3A /* UIApplication+TopViewController.m in Sources */ = {isa = PBXBuildFile; fileRef = 3F305C6D1F174F2500926B3A /* UIApplication+TopViewController.m */; };
		3F305C731F174F2500926B3A /* UINavigationController+Jump.m in Sources */ = {isa = PBXBuildFile; fileRef = 3F305C6F1F174F2500926B3A /* UINavigationController+Jump.m */; };
		3F305C741F174F2500926B3A /* UIViewController+NavStack.m in Sources */ = {isa = PBXBuildFile; fileRef = 3F305C711F174F2500926B3A /* UIViewController+NavStack.m */; };
		3F305C771F17502600926B3A /* PushViewController.m in Sources */ = {isa = PBXBuildFile; fileRef = 3F305C761F17502600926B3A /* PushViewController.m */; };
		3F305C7A1F17503D00926B3A /* PresentViewController.m in Sources */ = {isa = PBXBuildFile; fileRef = 3F305C791F17503D00926B3A /* PresentViewController.m */; };
		3F305C7D1F17508600926B3A /* ViewControllerA.m in Sources */ = {isa = PBXBuildFile; fileRef = 3F305C7C1F17508600926B3A /* ViewControllerA.m */; };
		3F305C801F17509200926B3A /* ViewControllerB.m in Sources */ = {isa = PBXBuildFile; fileRef = 3F305C7F1F17509200926B3A /* ViewControllerB.m */; };
		3F617BF31F4FD270009987B2 /* NSString+Facade.m in Sources */ = {isa = PBXBuildFile; fileRef = 3F617BF21F4FD270009987B2 /* NSString+Facade.m */; };
		3F617BF61F4FD27C009987B2 /* UIImage+Facade.m in Sources */ = {isa = PBXBuildFile; fileRef = 3F617BF51F4FD27C009987B2 /* UIImage+Facade.m */; };
		3F874E401F5942E600C035FC /* UIViewController+PresentStack.m in Sources */ = {isa = PBXBuildFile; fileRef = 3F874E3F1F5942E600C035FC /* UIViewController+PresentStack.m */; };
		3FBB740F1F3DB5BF00589D27 /* ViewControllerC.m in Sources */ = {isa = PBXBuildFile; fileRef = 3FBB740E1F3DB5BF00589D27 /* ViewControllerC.m */; };
		3FF843D31F34610B0000218D /* EmbedViewController.m in Sources */ = {isa = PBXBuildFile; fileRef = 3FF843D21F34610B0000218D /* EmbedViewController.m */; };
		3FF843D61F346C190000218D /* BaseViewController.m in Sources */ = {isa = PBXBuildFile; fileRef = 3FF843D51F346C190000218D /* BaseViewController.m */; };
/* End PBXBuildFile section */

/* Begin PBXFileReference section */
		3F305C3D1F174C1F00926B3A /* Demo.app */ = {isa = PBXFileReference; explicitFileType = wrapper.application; includeInIndex = 0; path = Demo.app; sourceTree = BUILT_PRODUCTS_DIR; };
		3F305C411F174C1F00926B3A /* main.m */ = {isa = PBXFileReference; lastKnownFileType = sourcecode.c.objc; path = main.m; sourceTree = "<group>"; };
		3F305C431F174C1F00926B3A /* AppDelegate.h */ = {isa = PBXFileReference; lastKnownFileType = sourcecode.c.h; path = AppDelegate.h; sourceTree = "<group>"; };
		3F305C441F174C1F00926B3A /* AppDelegate.m */ = {isa = PBXFileReference; lastKnownFileType = sourcecode.c.objc; path = AppDelegate.m; sourceTree = "<group>"; };
		3F305C4A1F174C1F00926B3A /* Base */ = {isa = PBXFileReference; lastKnownFileType = file.storyboard; name = Base; path = Base.lproj/Main.storyboard; sourceTree = "<group>"; };
		3F305C4C1F174C1F00926B3A /* Assets.xcassets */ = {isa = PBXFileReference; lastKnownFileType = folder.assetcatalog; path = Assets.xcassets; sourceTree = "<group>"; };
		3F305C4F1F174C1F00926B3A /* Base */ = {isa = PBXFileReference; lastKnownFileType = file.storyboard; name = Base; path = Base.lproj/LaunchScreen.storyboard; sourceTree = "<group>"; };
		3F305C511F174C1F00926B3A /* Info.plist */ = {isa = PBXFileReference; lastKnownFileType = text.plist.xml; path = Info.plist; sourceTree = "<group>"; };
		3F305C581F174D3A00926B3A /* FLFacade.h */ = {isa = PBXFileReference; fileEncoding = 4; lastKnownFileType = sourcecode.c.h; path = FLFacade.h; sourceTree = "<group>"; };
		3F305C591F174D3A00926B3A /* FLFacade.m */ = {isa = PBXFileReference; fileEncoding = 4; lastKnownFileType = sourcecode.c.objc; path = FLFacade.m; sourceTree = "<group>"; };
		3F305C621F174D8400926B3A /* FLPresentStackController.h */ = {isa = PBXFileReference; fileEncoding = 4; lastKnownFileType = sourcecode.c.h; path = FLPresentStackController.h; sourceTree = "<group>"; };
		3F305C631F174D8400926B3A /* FLPresentStackController.m */ = {isa = PBXFileReference; fileEncoding = 4; lastKnownFileType = sourcecode.c.objc; path = FLPresentStackController.m; sourceTree = "<group>"; };
		3F305C6C1F174F2500926B3A /* UIApplication+TopViewController.h */ = {isa = PBXFileReference; fileEncoding = 4; lastKnownFileType = sourcecode.c.h; path = "UIApplication+TopViewController.h"; sourceTree = "<group>"; };
		3F305C6D1F174F2500926B3A /* UIApplication+TopViewController.m */ = {isa = PBXFileReference; fileEncoding = 4; lastKnownFileType = sourcecode.c.objc; path = "UIApplication+TopViewController.m"; sourceTree = "<group>"; };
		3F305C6E1F174F2500926B3A /* UINavigationController+Jump.h */ = {isa = PBXFileReference; fileEncoding = 4; lastKnownFileType = sourcecode.c.h; path = "UINavigationController+Jump.h"; sourceTree = "<group>"; };
		3F305C6F1F174F2500926B3A /* UINavigationController+Jump.m */ = {isa = PBXFileReference; fileEncoding = 4; lastKnownFileType = sourcecode.c.objc; path = "UINavigationController+Jump.m"; sourceTree = "<group>"; };
		3F305C701F174F2500926B3A /* UIViewController+NavStack.h */ = {isa = PBXFileReference; fileEncoding = 4; lastKnownFileType = sourcecode.c.h; path = "UIViewController+NavStack.h"; sourceTree = "<group>"; };
		3F305C711F174F2500926B3A /* UIViewController+NavStack.m */ = {isa = PBXFileReference; fileEncoding = 4; lastKnownFileType = sourcecode.c.objc; path = "UIViewController+NavStack.m"; sourceTree = "<group>"; };
		3F305C751F17502600926B3A /* PushViewController.h */ = {isa = PBXFileReference; fileEncoding = 4; lastKnownFileType = sourcecode.c.h; path = PushViewController.h; sourceTree = "<group>"; };
		3F305C761F17502600926B3A /* PushViewController.m */ = {isa = PBXFileReference; fileEncoding = 4; lastKnownFileType = sourcecode.c.objc; path = PushViewController.m; sourceTree = "<group>"; };
		3F305C781F17503D00926B3A /* PresentViewController.h */ = {isa = PBXFileReference; fileEncoding = 4; lastKnownFileType = sourcecode.c.h; path = PresentViewController.h; sourceTree = "<group>"; };
		3F305C791F17503D00926B3A /* PresentViewController.m */ = {isa = PBXFileReference; fileEncoding = 4; lastKnownFileType = sourcecode.c.objc; path = PresentViewController.m; sourceTree = "<group>"; };
		3F305C7B1F17508600926B3A /* ViewControllerA.h */ = {isa = PBXFileReference; fileEncoding = 4; lastKnownFileType = sourcecode.c.h; path = ViewControllerA.h; sourceTree = "<group>"; };
		3F305C7C1F17508600926B3A /* ViewControllerA.m */ = {isa = PBXFileReference; fileEncoding = 4; lastKnownFileType = sourcecode.c.objc; path = ViewControllerA.m; sourceTree = "<group>"; };
		3F305C7E1F17509200926B3A /* ViewControllerB.h */ = {isa = PBXFileReference; fileEncoding = 4; lastKnownFileType = sourcecode.c.h; path = ViewControllerB.h; sourceTree = "<group>"; };
		3F305C7F1F17509200926B3A /* ViewControllerB.m */ = {isa = PBXFileReference; fileEncoding = 4; lastKnownFileType = sourcecode.c.objc; path = ViewControllerB.m; sourceTree = "<group>"; };
		3F617BF11F4FD270009987B2 /* NSString+Facade.h */ = {isa = PBXFileReference; fileEncoding = 4; lastKnownFileType = sourcecode.c.h; path = "NSString+Facade.h"; sourceTree = "<group>"; };
		3F617BF21F4FD270009987B2 /* NSString+Facade.m */ = {isa = PBXFileReference; fileEncoding = 4; lastKnownFileType = sourcecode.c.objc; path = "NSString+Facade.m"; sourceTree = "<group>"; };
		3F617BF41F4FD27C009987B2 /* UIImage+Facade.h */ = {isa = PBXFileReference; fileEncoding = 4; lastKnownFileType = sourcecode.c.h; path = "UIImage+Facade.h"; sourceTree = "<group>"; };
		3F617BF51F4FD27C009987B2 /* UIImage+Facade.m */ = {isa = PBXFileReference; fileEncoding = 4; lastKnownFileType = sourcecode.c.objc; path = "UIImage+Facade.m"; sourceTree = "<group>"; };
		3F874E3E1F5942E600C035FC /* UIViewController+PresentStack.h */ = {isa = PBXFileReference; fileEncoding = 4; lastKnownFileType = sourcecode.c.h; path = "UIViewController+PresentStack.h"; sourceTree = "<group>"; };
		3F874E3F1F5942E600C035FC /* UIViewController+PresentStack.m */ = {isa = PBXFileReference; fileEncoding = 4; lastKnownFileType = sourcecode.c.objc; path = "UIViewController+PresentStack.m"; sourceTree = "<group>"; };
		3FBB740D1F3DB5BF00589D27 /* ViewControllerC.h */ = {isa = PBXFileReference; fileEncoding = 4; lastKnownFileType = sourcecode.c.h; path = ViewControllerC.h; sourceTree = "<group>"; };
		3FBB740E1F3DB5BF00589D27 /* ViewControllerC.m */ = {isa = PBXFileReference; fileEncoding = 4; lastKnownFileType = sourcecode.c.objc; path = ViewControllerC.m; sourceTree = "<group>"; };
		3FF843D11F34610B0000218D /* EmbedViewController.h */ = {isa = PBXFileReference; fileEncoding = 4; lastKnownFileType = sourcecode.c.h; path = EmbedViewController.h; sourceTree = "<group>"; };
		3FF843D21F34610B0000218D /* EmbedViewController.m */ = {isa = PBXFileReference; fileEncoding = 4; lastKnownFileType = sourcecode.c.objc; path = EmbedViewController.m; sourceTree = "<group>"; };
		3FF843D41F346C190000218D /* BaseViewController.h */ = {isa = PBXFileReference; fileEncoding = 4; lastKnownFileType = sourcecode.c.h; path = BaseViewController.h; sourceTree = "<group>"; };
		3FF843D51F346C190000218D /* BaseViewController.m */ = {isa = PBXFileReference; fileEncoding = 4; lastKnownFileType = sourcecode.c.objc; path = BaseViewController.m; sourceTree = "<group>"; };
/* End PBXFileReference section */

/* Begin PBXFrameworksBuildPhase section */
		3F305C3A1F174C1F00926B3A /* Frameworks */ = {
			isa = PBXFrameworksBuildPhase;
			buildActionMask = 2147483647;
			files = (
			);
			runOnlyForDeploymentPostprocessing = 0;
		};
/* End PBXFrameworksBuildPhase section */

/* Begin PBXGroup section */
		3F305C341F174C1F00926B3A = {
			isa = PBXGroup;
			children = (
				3F305C3F1F174C1F00926B3A /* Demo */,
				3F305C3E1F174C1F00926B3A /* Products */,
			);
			sourceTree = "<group>";
		};
		3F305C3E1F174C1F00926B3A /* Products */ = {
			isa = PBXGroup;
			children = (
				3F305C3D1F174C1F00926B3A /* Demo.app */,
			);
			name = Products;
			sourceTree = "<group>";
		};
		3F305C3F1F174C1F00926B3A /* Demo */ = {
			isa = PBXGroup;
			children = (
				3F305C571F174D2000926B3A /* Facade */,
				3F305C431F174C1F00926B3A /* AppDelegate.h */,
				3F305C441F174C1F00926B3A /* AppDelegate.m */,
				3FF843D41F346C190000218D /* BaseViewController.h */,
				3FF843D51F346C190000218D /* BaseViewController.m */,
				3F305C751F17502600926B3A /* PushViewController.h */,
				3F305C761F17502600926B3A /* PushViewController.m */,
				3F305C781F17503D00926B3A /* PresentViewController.h */,
				3F305C791F17503D00926B3A /* PresentViewController.m */,
				3FF843D11F34610B0000218D /* EmbedViewController.h */,
				3FF843D21F34610B0000218D /* EmbedViewController.m */,
				3F305C7B1F17508600926B3A /* ViewControllerA.h */,
				3F305C7C1F17508600926B3A /* ViewControllerA.m */,
				3F305C7E1F17509200926B3A /* ViewControllerB.h */,
				3F305C7F1F17509200926B3A /* ViewControllerB.m */,
				3FBB740D1F3DB5BF00589D27 /* ViewControllerC.h */,
				3FBB740E1F3DB5BF00589D27 /* ViewControllerC.m */,
				3F305C491F174C1F00926B3A /* Main.storyboard */,
				3F305C4C1F174C1F00926B3A /* Assets.xcassets */,
				3F305C4E1F174C1F00926B3A /* LaunchScreen.storyboard */,
				3F305C511F174C1F00926B3A /* Info.plist */,
				3F305C401F174C1F00926B3A /* Supporting Files */,
			);
			path = Demo;
			sourceTree = "<group>";
		};
		3F305C401F174C1F00926B3A /* Supporting Files */ = {
			isa = PBXGroup;
			children = (
				3F305C411F174C1F00926B3A /* main.m */,
			);
			name = "Supporting Files";
			sourceTree = "<group>";
		};
		3F305C571F174D2000926B3A /* Facade */ = {
			isa = PBXGroup;
			children = (
				3F305C6B1F174F2500926B3A /* Category */,
				3F305C611F174D8400926B3A /* PresentStackController */,
				3F305C581F174D3A00926B3A /* FLFacade.h */,
				3F305C591F174D3A00926B3A /* FLFacade.m */,
			);
			path = Facade;
			sourceTree = "<group>";
		};
		3F305C611F174D8400926B3A /* PresentStackController */ = {
			isa = PBXGroup;
			children = (
				3F305C621F174D8400926B3A /* FLPresentStackController.h */,
				3F305C631F174D8400926B3A /* FLPresentStackController.m */,
			);
			path = PresentStackController;
			sourceTree = "<group>";
		};
		3F305C6B1F174F2500926B3A /* Category */ = {
			isa = PBXGroup;
			children = (
				3F874E3E1F5942E600C035FC /* UIViewController+PresentStack.h */,
				3F874E3F1F5942E600C035FC /* UIViewController+PresentStack.m */,
				3F305C6C1F174F2500926B3A /* UIApplication+TopViewController.h */,
				3F305C6D1F174F2500926B3A /* UIApplication+TopViewController.m */,
				3F305C6E1F174F2500926B3A /* UINavigationController+Jump.h */,
				3F305C6F1F174F2500926B3A /* UINavigationController+Jump.m */,
				3F305C701F174F2500926B3A /* UIViewController+NavStack.h */,
				3F305C711F174F2500926B3A /* UIViewController+NavStack.m */,
				3F617BF11F4FD270009987B2 /* NSString+Facade.h */,
				3F617BF21F4FD270009987B2 /* NSString+Facade.m */,
				3F617BF41F4FD27C009987B2 /* UIImage+Facade.h */,
				3F617BF51F4FD27C009987B2 /* UIImage+Facade.m */,
			);
			path = Category;
			sourceTree = "<group>";
		};
/* End PBXGroup section */

/* Begin PBXNativeTarget section */
		3F305C3C1F174C1F00926B3A /* Demo */ = {
			isa = PBXNativeTarget;
			buildConfigurationList = 3F305C541F174C1F00926B3A /* Build configuration list for PBXNativeTarget "Demo" */;
			buildPhases = (
				3F305C391F174C1F00926B3A /* Sources */,
				3F305C3A1F174C1F00926B3A /* Frameworks */,
				3F305C3B1F174C1F00926B3A /* Resources */,
			);
			buildRules = (
			);
			dependencies = (
			);
			name = Demo;
			productName = Demo;
			productReference = 3F305C3D1F174C1F00926B3A /* Demo.app */;
			productType = "com.apple.product-type.application";
		};
/* End PBXNativeTarget section */

/* Begin PBXProject section */
		3F305C351F174C1F00926B3A /* Project object */ = {
			isa = PBXProject;
			attributes = {
				LastUpgradeCheck = 0830;
				ORGANIZATIONNAME = "YY Inc";
				TargetAttributes = {
					3F305C3C1F174C1F00926B3A = {
						CreatedOnToolsVersion = 8.3.3;
						DevelopmentTeam = RA5DTC26D2;
						ProvisioningStyle = Automatic;
					};
				};
			};
			buildConfigurationList = 3F305C381F174C1F00926B3A /* Build configuration list for PBXProject "Demo" */;
			compatibilityVersion = "Xcode 3.2";
			developmentRegion = English;
			hasScannedForEncodings = 0;
			knownRegions = (
				en,
				Base,
			);
			mainGroup = 3F305C341F174C1F00926B3A;
			productRefGroup = 3F305C3E1F174C1F00926B3A /* Products */;
			projectDirPath = "";
			projectRoot = "";
			targets = (
				3F305C3C1F174C1F00926B3A /* Demo */,
			);
		};
/* End PBXProject section */

/* Begin PBXResourcesBuildPhase section */
		3F305C3B1F174C1F00926B3A /* Resources */ = {
			isa = PBXResourcesBuildPhase;
			buildActionMask = 2147483647;
			files = (
				3F305C501F174C1F00926B3A /* LaunchScreen.storyboard in Resources */,
				3F305C4D1F174C1F00926B3A /* Assets.xcassets in Resources */,
				3F305C4B1F174C1F00926B3A /* Main.storyboard in Resources */,
			);
			runOnlyForDeploymentPostprocessing = 0;
		};
/* End PBXResourcesBuildPhase section */

/* Begin PBXSourcesBuildPhase section */
		3F305C391F174C1F00926B3A /* Sources */ = {
			isa = PBXSourcesBuildPhase;
			buildActionMask = 2147483647;
			files = (
				3F305C7A1F17503D00926B3A /* PresentViewController.m in Sources */,
				3F305C731F174F2500926B3A /* UINavigationController+Jump.m in Sources */,
				3F617BF31F4FD270009987B2 /* NSString+Facade.m in Sources */,
				3FF843D31F34610B0000218D /* EmbedViewController.m in Sources */,
				3F874E401F5942E600C035FC /* UIViewController+PresentStack.m in Sources */,
				3F305C771F17502600926B3A /* PushViewController.m in Sources */,
				3FF843D61F346C190000218D /* BaseViewController.m in Sources */,
				3F305C451F174C1F00926B3A /* AppDelegate.m in Sources */,
				3F305C801F17509200926B3A /* ViewControllerB.m in Sources */,
				3F305C5A1F174D3A00926B3A /* FLFacade.m in Sources */,
				3F305C661F174D8400926B3A /* FLPresentStackController.m in Sources */,
				3F305C721F174F2500926B3A /* UIApplication+TopViewController.m in Sources */,
				3FBB740F1F3DB5BF00589D27 /* ViewControllerC.m in Sources */,
				3F305C421F174C1F00926B3A /* main.m in Sources */,
				3F617BF61F4FD27C009987B2 /* UIImage+Facade.m in Sources */,
				3F305C7D1F17508600926B3A /* ViewControllerA.m in Sources */,
				3F305C741F174F2500926B3A /* UIViewController+NavStack.m in Sources */,
			);
			runOnlyForDeploymentPostprocessing = 0;
		};
/* End PBXSourcesBuildPhase section */

/* Begin PBXVariantGroup section */
		3F305C491F174C1F00926B3A /* Main.storyboard */ = {
			isa = PBXVariantGroup;
			children = (
				3F305C4A1F174C1F00926B3A /* Base */,
			);
			name = Main.storyboard;
			sourceTree = "<group>";
		};
		3F305C4E1F174C1F00926B3A /* LaunchScreen.storyboard */ = {
			isa = PBXVariantGroup;
			children = (
				3F305C4F1F174C1F00926B3A /* Base */,
			);
			name = LaunchScreen.storyboard;
			sourceTree = "<group>";
		};
/* End PBXVariantGroup section */

/* Begin XCBuildConfiguration section */
		3F305C521F174C1F00926B3A /* Debug */ = {
			isa = XCBuildConfiguration;
			buildSettings = {
				ALWAYS_SEARCH_USER_PATHS = NO;
				CLANG_ANALYZER_NONNULL = YES;
				CLANG_ANALYZER_NUMBER_OBJECT_CONVERSION = YES_AGGRESSIVE;
				CLANG_CXX_LANGUAGE_STANDARD = "gnu++0x";
				CLANG_CXX_LIBRARY = "libc++";
				CLANG_ENABLE_MODULES = YES;
				CLANG_ENABLE_OBJC_ARC = YES;
				CLANG_WARN_BOOL_CONVERSION = YES;
				CLANG_WARN_CONSTANT_CONVERSION = YES;
				CLANG_WARN_DIRECT_OBJC_ISA_USAGE = YES_ERROR;
				CLANG_WARN_DOCUMENTATION_COMMENTS = YES;
				CLANG_WARN_EMPTY_BODY = YES;
				CLANG_WARN_ENUM_CONVERSION = YES;
				CLANG_WARN_INFINITE_RECURSION = YES;
				CLANG_WARN_INT_CONVERSION = YES;
				CLANG_WARN_OBJC_ROOT_CLASS = YES_ERROR;
				CLANG_WARN_SUSPICIOUS_MOVE = YES;
				CLANG_WARN_UNREACHABLE_CODE = YES;
				CLANG_WARN__DUPLICATE_METHOD_MATCH = YES;
				"CODE_SIGN_IDENTITY[sdk=iphoneos*]" = "iPhone Developer";
				COPY_PHASE_STRIP = NO;
				DEBUG_INFORMATION_FORMAT = dwarf;
				ENABLE_STRICT_OBJC_MSGSEND = YES;
				ENABLE_TESTABILITY = YES;
				GCC_C_LANGUAGE_STANDARD = gnu99;
				GCC_DYNAMIC_NO_PIC = NO;
				GCC_NO_COMMON_BLOCKS = YES;
				GCC_OPTIMIZATION_LEVEL = 0;
				GCC_PREPROCESSOR_DEFINITIONS = (
					"DEBUG=1",
					"$(inherited)",
				);
				GCC_WARN_64_TO_32_BIT_CONVERSION = YES;
				GCC_WARN_ABOUT_RETURN_TYPE = YES_ERROR;
				GCC_WARN_UNDECLARED_SELECTOR = YES;
				GCC_WARN_UNINITIALIZED_AUTOS = YES_AGGRESSIVE;
				GCC_WARN_UNUSED_FUNCTION = YES;
				GCC_WARN_UNUSED_VARIABLE = YES;
				IPHONEOS_DEPLOYMENT_TARGET = 10.3;
				MTL_ENABLE_DEBUG_INFO = YES;
				ONLY_ACTIVE_ARCH = YES;
				SDKROOT = iphoneos;
			};
			name = Debug;
		};
		3F305C531F174C1F00926B3A /* Release */ = {
			isa = XCBuildConfiguration;
			buildSettings = {
				ALWAYS_SEARCH_USER_PATHS = NO;
				CLANG_ANALYZER_NONNULL = YES;
				CLANG_ANALYZER_NUMBER_OBJECT_CONVERSION = YES_AGGRESSIVE;
				CLANG_CXX_LANGUAGE_STANDARD = "gnu++0x";
				CLANG_CXX_LIBRARY = "libc++";
				CLANG_ENABLE_MODULES = YES;
				CLANG_ENABLE_OBJC_ARC = YES;
				CLANG_WARN_BOOL_CONVERSION = YES;
				CLANG_WARN_CONSTANT_CONVERSION = YES;
				CLANG_WARN_DIRECT_OBJC_ISA_USAGE = YES_ERROR;
				CLANG_WARN_DOCUMENTATION_COMMENTS = YES;
				CLANG_WARN_EMPTY_BODY = YES;
				CLANG_WARN_ENUM_CONVERSION = YES;
				CLANG_WARN_INFINITE_RECURSION = YES;
				CLANG_WARN_INT_CONVERSION = YES;
				CLANG_WARN_OBJC_ROOT_CLASS = YES_ERROR;
				CLANG_WARN_SUSPICIOUS_MOVE = YES;
				CLANG_WARN_UNREACHABLE_CODE = YES;
				CLANG_WARN__DUPLICATE_METHOD_MATCH = YES;
				"CODE_SIGN_IDENTITY[sdk=iphoneos*]" = "iPhone Developer";
				COPY_PHASE_STRIP = NO;
				DEBUG_INFORMATION_FORMAT = "dwarf-with-dsym";
				ENABLE_NS_ASSERTIONS = NO;
				ENABLE_STRICT_OBJC_MSGSEND = YES;
				GCC_C_LANGUAGE_STANDARD = gnu99;
				GCC_NO_COMMON_BLOCKS = YES;
				GCC_WARN_64_TO_32_BIT_CONVERSION = YES;
				GCC_WARN_ABOUT_RETURN_TYPE = YES_ERROR;
				GCC_WARN_UNDECLARED_SELECTOR = YES;
				GCC_WARN_UNINITIALIZED_AUTOS = YES_AGGRESSIVE;
				GCC_WARN_UNUSED_FUNCTION = YES;
				GCC_WARN_UNUSED_VARIABLE = YES;
				IPHONEOS_DEPLOYMENT_TARGET = 10.3;
				MTL_ENABLE_DEBUG_INFO = NO;
				SDKROOT = iphoneos;
				VALIDATE_PRODUCT = YES;
			};
			name = Release;
		};
		3F305C551F174C1F00926B3A /* Debug */ = {
			isa = XCBuildConfiguration;
			buildSettings = {
				ASSETCATALOG_COMPILER_APPICON_NAME = AppIcon;
				DEVELOPMENT_TEAM = RA5DTC26D2;
				INFOPLIST_FILE = Demo/Info.plist;
				IPHONEOS_DEPLOYMENT_TARGET = 8.0;
				LD_RUNPATH_SEARCH_PATHS = "$(inherited) @executable_path/Frameworks";
				PRODUCT_BUNDLE_IDENTIFIER = com.yy.Demo.gitkong;
				PRODUCT_NAME = "$(TARGET_NAME)";
			};
			name = Debug;
		};
		3F305C561F174C1F00926B3A /* Release */ = {
			isa = XCBuildConfiguration;
			buildSettings = {
				ASSETCATALOG_COMPILER_APPICON_NAME = AppIcon;
				DEVELOPMENT_TEAM = RA5DTC26D2;
				INFOPLIST_FILE = Demo/Info.plist;
				IPHONEOS_DEPLOYMENT_TARGET = 8.0;
				LD_RUNPATH_SEARCH_PATHS = "$(inherited) @executable_path/Frameworks";
				PRODUCT_BUNDLE_IDENTIFIER = com.yy.Demo.gitkong;
				PRODUCT_NAME = "$(TARGET_NAME)";
			};
			name = Release;
		};
/* End XCBuildConfiguration section */

/* Begin XCConfigurationList section */
		3F305C381F174C1F00926B3A /* Build configuration list for PBXProject "Demo" */ = {
			isa = XCConfigurationList;
			buildConfigurations = (
				3F305C521F174C1F00926B3A /* Debug */,
				3F305C531F174C1F00926B3A /* Release */,
			);
			defaultConfigurationIsVisible = 0;
			defaultConfigurationName = Release;
		};
		3F305C541F174C1F00926B3A /* Build configuration list for PBXNativeTarget "Demo" */ = {
			isa = XCConfigurationList;
			buildConfigurations = (
				3F305C551F174C1F00926B3A /* Debug */,
				3F305C561F174C1F00926B3A /* Release */,
			);
			defaultConfigurationIsVisible = 0;
			defaultConfigurationName = Release;
		};
/* End XCConfigurationList section */
	};
	rootObject = 3F305C351F174C1F00926B3A /* Project object */;
}
